
Microsoft Visual Studio Solution File, Format Version 12.00
# Visual Studio 15
VisualStudioVersion = 15.0.26403.0
MinimumVisualStudioVersion = 10.0.40219.1
Project("{00D1A9C2-B5F0-4AF3-8072-F6C62B433612}") = "MercuryHealth.Sql", "MercuryHealth.Sql\MercuryHealth.Sql.sqlproj", "{A051EB19-EA83-4FF9-A5B2-205D4BE48718}"
EndProject
Project("{FAE04EC0-301F-11D3-BF4B-00C04F79EFBC}") = "MercuryHealth.Web", "MercuryHealth.Web\MercuryHealth.Web.csproj", "{00050800-640D-47F0-A745-8759842A5059}"
EndProject
Project("{FAE04EC0-301F-11D3-BF4B-00C04F79EFBC}") = "MercuryHealth.Models", "MercuryHealth.Models\MercuryHealth.Models.csproj", "{F8591E8E-9009-4000-84A9-96B258F28D76}"
EndProject
Global
	GlobalSection(SolutionConfigurationPlatforms) = preSolution
		Debug|Any CPU = Debug|Any CPU
		Release|Any CPU = Release|Any CPU
	EndGlobalSection
	GlobalSection(ProjectConfigurationPlatforms) = postSolution
		{A051EB19-EA83-4FF9-A5B2-205D4BE48718}.Debug|Any CPU.ActiveCfg = Debug|Any CPU
		{A051EB19-EA83-4FF9-A5B2-205D4BE48718}.Debug|Any CPU.Build.0 = Debug|Any CPU
		{A051EB19-EA83-4FF9-A5B2-205D4BE48718}.Debug|Any CPU.Deploy.0 = Debug|Any CPU
		{A051EB19-EA83-4FF9-A5B2-205D4BE48718}.Release|Any CPU.ActiveCfg = Release|Any CPU
		{A051EB19-EA83-4FF9-A5B2-205D4BE48718}.Release|Any CPU.Build.0 = Release|Any CPU
		{A051EB19-EA83-4FF9-A5B2-205D4BE48718}.Release|Any CPU.Deploy.0 = Release|Any CPU
		{00050800-640D-47F0-A745-8759842A5059}.Debug|Any CPU.ActiveCfg = Debug|Any CPU
		{00050800-640D-47F0-A745-8759842A5059}.Debug|Any CPU.Build.0 = Debug|Any CPU
		{00050800-640D-47F0-A745-8759842A5059}.Release|Any CPU.ActiveCfg = Release|Any CPU
		{00050800-640D-47F0-A745-8759842A5059}.Release|Any CPU.Build.0 = Release|Any CPU
		{F8591E8E-9009-4000-84A9-96B258F28D76}.Debug|Any CPU.ActiveCfg = Debug|Any CPU
		{F8591E8E-9009-4000-84A9-96B258F28D76}.Debug|Any CPU.Build.0 = Debug|Any CPU
		{F8591E8E-9009-4000-84A9-96B258F28D76}.Release|Any CPU.ActiveCfg = Release|Any CPU
		{F8591E8E-9009-4000-84A9-96B258F28D76}.Release|Any CPU.Build.0 = Release|Any CPU
	EndGlobalSection
	GlobalSection(SolutionProperties) = preSolution
		HideSolutionNode = FALSE
	EndGlobalSection
EndGlobal
